// !$*UTF8*$!
{
	archiveVersion = 1;
	classes = {
	};
	objectVersion = 50;
	objects = {

/* Begin PBXBuildFile section */
		B88528722265F28C00A91E39 /* AppDelegate.swift in Sources */ = {isa = PBXBuildFile; fileRef = B88528712265F28C00A91E39 /* AppDelegate.swift */; };
		B88528742265F28C00A91E39 /* ViewController.swift in Sources */ = {isa = PBXBuildFile; fileRef = B88528732265F28C00A91E39 /* ViewController.swift */; };
		B88528772265F28C00A91E39 /* Main.storyboard in Resources */ = {isa = PBXBuildFile; fileRef = B88528752265F28C00A91E39 /* Main.storyboard */; };
		B88528792265F28D00A91E39 /* Assets.xcassets in Resources */ = {isa = PBXBuildFile; fileRef = B88528782265F28D00A91E39 /* Assets.xcassets */; };
		B885287C2265F28D00A91E39 /* LaunchScreen.storyboard in Resources */ = {isa = PBXBuildFile; fileRef = B885287A2265F28D00A91E39 /* LaunchScreen.storyboard */; };
		B88528922265F28D00A91E39 /* FizzBuzzUITests.swift in Sources */ = {isa = PBXBuildFile; fileRef = B88528912265F28D00A91E39 /* FizzBuzzUITests.swift */; };
		B88528A02265F39B00A91E39 /* BrainTests.swift in Sources */ = {isa = PBXBuildFile; fileRef = B885289F2265F39B00A91E39 /* BrainTests.swift */; };
		B88528A2226609CA00A91E39 /* Brain.swift in Sources */ = {isa = PBXBuildFile; fileRef = B88528A1226609CA00A91E39 /* Brain.swift */; };
		B88528A6226618AC00A91E39 /* testSayFizz.swift in Sources */ = {isa = PBXBuildFile; fileRef = B88528A5226618AC00A91E39 /* testSayFizz.swift */; };
		B88528A822661B5300A91E39 /* testSayBuzz.swift in Sources */ = {isa = PBXBuildFile; fileRef = B88528A722661B5300A91E39 /* testSayBuzz.swift */; };
		B88528AA2266221C00A91E39 /* testFizzBuzz.swift in Sources */ = {isa = PBXBuildFile; fileRef = B88528A92266221C00A91E39 /* testFizzBuzz.swift */; };
		B88528AC2266240C00A91E39 /* testSayNumber.swift in Sources */ = {isa = PBXBuildFile; fileRef = B88528AB2266240C00A91E39 /* testSayNumber.swift */; };
/* End PBXBuildFile section */

/* Begin PBXContainerItemProxy section */
		B88528832265F28D00A91E39 /* PBXContainerItemProxy */ = {
			isa = PBXContainerItemProxy;
			containerPortal = B88528662265F28C00A91E39 /* Project object */;
			proxyType = 1;
			remoteGlobalIDString = B885286D2265F28C00A91E39;
			remoteInfo = FizzBuzz;
		};
		B885288E2265F28D00A91E39 /* PBXContainerItemProxy */ = {
			isa = PBXContainerItemProxy;
			containerPortal = B88528662265F28C00A91E39 /* Project object */;
			proxyType = 1;
			remoteGlobalIDString = B885286D2265F28C00A91E39;
			remoteInfo = FizzBuzz;
		};
/* End PBXContainerItemProxy section */

/* Begin PBXFileReference section */
		B885286E2265F28C00A91E39 /* FizzBuzz.app */ = {isa = PBXFileReference; explicitFileType = wrapper.application; includeInIndex = 0; path = FizzBuzz.app; sourceTree = BUILT_PRODUCTS_DIR; };
		B88528712265F28C00A91E39 /* AppDelegate.swift */ = {isa = PBXFileReference; lastKnownFileType = sourcecode.swift; path = AppDelegate.swift; sourceTree = "<group>"; };
		B88528732265F28C00A91E39 /* ViewController.swift */ = {isa = PBXFileReference; lastKnownFileType = sourcecode.swift; path = ViewController.swift; sourceTree = "<group>"; };
		B88528762265F28C00A91E39 /* Base */ = {isa = PBXFileReference; lastKnownFileType = file.storyboard; name = Base; path = Base.lproj/Main.storyboard; sourceTree = "<group>"; };
		B88528782265F28D00A91E39 /* Assets.xcassets */ = {isa = PBXFileReference; lastKnownFileType = folder.assetcatalog; path = Assets.xcassets; sourceTree = "<group>"; };
		B885287B2265F28D00A91E39 /* Base */ = {isa = PBXFileReference; lastKnownFileType = file.storyboard; name = Base; path = Base.lproj/LaunchScreen.storyboard; sourceTree = "<group>"; };
		B885287D2265F28D00A91E39 /* Info.plist */ = {isa = PBXFileReference; lastKnownFileType = text.plist.xml; path = Info.plist; sourceTree = "<group>"; };
		B88528822265F28D00A91E39 /* FizzBuzzTests.xctest */ = {isa = PBXFileReference; explicitFileType = wrapper.cfbundle; includeInIndex = 0; path = FizzBuzzTests.xctest; sourceTree = BUILT_PRODUCTS_DIR; };
		B88528882265F28D00A91E39 /* Info.plist */ = {isa = PBXFileReference; lastKnownFileType = text.plist.xml; path = Info.plist; sourceTree = "<group>"; };
		B885288D2265F28D00A91E39 /* FizzBuzzUITests.xctest */ = {isa = PBXFileReference; explicitFileType = wrapper.cfbundle; includeInIndex = 0; path = FizzBuzzUITests.xctest; sourceTree = BUILT_PRODUCTS_DIR; };
		B88528912265F28D00A91E39 /* FizzBuzzUITests.swift */ = {isa = PBXFileReference; lastKnownFileType = sourcecode.swift; path = FizzBuzzUITests.swift; sourceTree = "<group>"; };
		B88528932265F28D00A91E39 /* Info.plist */ = {isa = PBXFileReference; lastKnownFileType = text.plist.xml; path = Info.plist; sourceTree = "<group>"; };
		B885289F2265F39B00A91E39 /* BrainTests.swift */ = {isa = PBXFileReference; lastKnownFileType = sourcecode.swift; path = BrainTests.swift; sourceTree = "<group>"; };
		B88528A1226609CA00A91E39 /* Brain.swift */ = {isa = PBXFileReference; lastKnownFileType = sourcecode.swift; path = Brain.swift; sourceTree = "<group>"; };
		B88528A5226618AC00A91E39 /* testSayFizz.swift */ = {isa = PBXFileReference; lastKnownFileType = sourcecode.swift; path = testSayFizz.swift; sourceTree = "<group>"; };
		B88528A722661B5300A91E39 /* testSayBuzz.swift */ = {isa = PBXFileReference; lastKnownFileType = sourcecode.swift; path = testSayBuzz.swift; sourceTree = "<group>"; };
		B88528A92266221C00A91E39 /* testFizzBuzz.swift */ = {isa = PBXFileReference; lastKnownFileType = sourcecode.swift; path = testFizzBuzz.swift; sourceTree = "<group>"; };
		B88528AB2266240C00A91E39 /* testSayNumber.swift */ = {isa = PBXFileReference; lastKnownFileType = sourcecode.swift; path = testSayNumber.swift; sourceTree = "<group>"; };
/* End PBXFileReference section */

/* Begin PBXFrameworksBuildPhase section */
		B885286B2265F28C00A91E39 /* Frameworks */ = {
			isa = PBXFrameworksBuildPhase;
			buildActionMask = 2147483647;
			files = (
			);
			runOnlyForDeploymentPostprocessing = 0;
		};
		B885287F2265F28D00A91E39 /* Frameworks */ = {
			isa = PBXFrameworksBuildPhase;
			buildActionMask = 2147483647;
			files = (
			);
			runOnlyForDeploymentPostprocessing = 0;
		};
		B885288A2265F28D00A91E39 /* Frameworks */ = {
			isa = PBXFrameworksBuildPhase;
			buildActionMask = 2147483647;
			files = (
			);
			runOnlyForDeploymentPostprocessing = 0;
		};
/* End PBXFrameworksBuildPhase section */

/* Begin PBXGroup section */
		B88528652265F28C00A91E39 = {
			isa = PBXGroup;
			children = (
				B88528702265F28C00A91E39 /* FizzBuzz */,
				B88528852265F28D00A91E39 /* FizzBuzzTests */,
				B88528902265F28D00A91E39 /* FizzBuzzUITests */,
				B885286F2265F28C00A91E39 /* Products */,
			);
			sourceTree = "<group>";
		};
		B885286F2265F28C00A91E39 /* Products */ = {
			isa = PBXGroup;
			children = (
				B885286E2265F28C00A91E39 /* FizzBuzz.app */,
				B88528822265F28D00A91E39 /* FizzBuzzTests.xctest */,
				B885288D2265F28D00A91E39 /* FizzBuzzUITests.xctest */,
			);
			name = Products;
			sourceTree = "<group>";
		};
		B88528702265F28C00A91E39 /* FizzBuzz */ = {
			isa = PBXGroup;
			children = (
				B88528712265F28C00A91E39 /* AppDelegate.swift */,
				B88528732265F28C00A91E39 /* ViewController.swift */,
				B88528752265F28C00A91E39 /* Main.storyboard */,
				B88528782265F28D00A91E39 /* Assets.xcassets */,
				B885287A2265F28D00A91E39 /* LaunchScreen.storyboard */,
				B885287D2265F28D00A91E39 /* Info.plist */,
				B88528A1226609CA00A91E39 /* Brain.swift */,
			);
			path = FizzBuzz;
			sourceTree = "<group>";
		};
		B88528852265F28D00A91E39 /* FizzBuzzTests */ = {
			isa = PBXGroup;
			children = (
				B88528882265F28D00A91E39 /* Info.plist */,
				B885289F2265F39B00A91E39 /* BrainTests.swift */,
				B88528A5226618AC00A91E39 /* testSayFizz.swift */,
				B88528A722661B5300A91E39 /* testSayBuzz.swift */,
				B88528A92266221C00A91E39 /* testFizzBuzz.swift */,
				B88528AB2266240C00A91E39 /* testSayNumber.swift */,
			);
			path = FizzBuzzTests;
			sourceTree = "<group>";
		};
		B88528902265F28D00A91E39 /* FizzBuzzUITests */ = {
			isa = PBXGroup;
			children = (
				B88528912265F28D00A91E39 /* FizzBuzzUITests.swift */,
				B88528932265F28D00A91E39 /* Info.plist */,
			);
			path = FizzBuzzUITests;
			sourceTree = "<group>";
		};
/* End PBXGroup section */

/* Begin PBXNativeTarget section */
		B885286D2265F28C00A91E39 /* FizzBuzz */ = {
			isa = PBXNativeTarget;
			buildConfigurationList = B88528962265F28D00A91E39 /* Build configuration list for PBXNativeTarget "FizzBuzz" */;
			buildPhases = (
				B885286A2265F28C00A91E39 /* Sources */,
				B885286B2265F28C00A91E39 /* Frameworks */,
				B885286C2265F28C00A91E39 /* Resources */,
			);
			buildRules = (
			);
			dependencies = (
			);
			name = FizzBuzz;
			productName = FizzBuzz;
			productReference = B885286E2265F28C00A91E39 /* FizzBuzz.app */;
			productType = "com.apple.product-type.application";
		};
		B88528812265F28D00A91E39 /* FizzBuzzTests */ = {
			isa = PBXNativeTarget;
			buildConfigurationList = B88528992265F28D00A91E39 /* Build configuration list for PBXNativeTarget "FizzBuzzTests" */;
			buildPhases = (
				B885287E2265F28D00A91E39 /* Sources */,
				B885287F2265F28D00A91E39 /* Frameworks */,
				B88528802265F28D00A91E39 /* Resources */,
			);
			buildRules = (
			);
			dependencies = (
				B88528842265F28D00A91E39 /* PBXTargetDependency */,
			);
			name = FizzBuzzTests;
			productName = FizzBuzzTests;
			productReference = B88528822265F28D00A91E39 /* FizzBuzzTests.xctest */;
			productType = "com.apple.product-type.bundle.unit-test";
		};
		B885288C2265F28D00A91E39 /* FizzBuzzUITests */ = {
			isa = PBXNativeTarget;
			buildConfigurationList = B885289C2265F28D00A91E39 /* Build configuration list for PBXNativeTarget "FizzBuzzUITests" */;
			buildPhases = (
				B88528892265F28D00A91E39 /* Sources */,
				B885288A2265F28D00A91E39 /* Frameworks */,
				B885288B2265F28D00A91E39 /* Resources */,
			);
			buildRules = (
			);
			dependencies = (
				B885288F2265F28D00A91E39 /* PBXTargetDependency */,
			);
			name = FizzBuzzUITests;
			productName = FizzBuzzUITests;
			productReference = B885288D2265F28D00A91E39 /* FizzBuzzUITests.xctest */;
			productType = "com.apple.product-type.bundle.ui-testing";
		};
/* End PBXNativeTarget section */

/* Begin PBXProject section */
		B88528662265F28C00A91E39 /* Project object */ = {
			isa = PBXProject;
			attributes = {
				LastSwiftUpdateCheck = 1020;
				LastUpgradeCheck = 1020;
				ORGANIZATIONNAME = Amina;
				TargetAttributes = {
					B885286D2265F28C00A91E39 = {
						CreatedOnToolsVersion = 10.2;
					};
					B88528812265F28D00A91E39 = {
						CreatedOnToolsVersion = 10.2;
						LastSwiftMigration = 1020;
						TestTargetID = B885286D2265F28C00A91E39;
					};
					B885288C2265F28D00A91E39 = {
						CreatedOnToolsVersion = 10.2;
						TestTargetID = B885286D2265F28C00A91E39;
					};
				};
			};
			buildConfigurationList = B88528692265F28C00A91E39 /* Build configuration list for PBXProject "FizzBuzz" */;
			compatibilityVersion = "Xcode 9.3";
			developmentRegion = en;
			hasScannedForEncodings = 0;
			knownRegions = (
				en,
				Base,
			);
			mainGroup = B88528652265F28C00A91E39;
			productRefGroup = B885286F2265F28C00A91E39 /* Products */;
			projectDirPath = "";
			projectRoot = "";
			targets = (
				B885286D2265F28C00A91E39 /* FizzBuzz */,
				B88528812265F28D00A91E39 /* FizzBuzzTests */,
				B885288C2265F28D00A91E39 /* FizzBuzzUITests */,
			);
		};
/* End PBXProject section */

/* Begin PBXResourcesBuildPhase section */
		B885286C2265F28C00A91E39 /* Resources */ = {
			isa = PBXResourcesBuildPhase;
			buildActionMask = 2147483647;
			files = (
				B885287C2265F28D00A91E39 /* LaunchScreen.storyboard in Resources */,
				B88528792265F28D00A91E39 /* Assets.xcassets in Resources */,
				B88528772265F28C00A91E39 /* Main.storyboard in Resources */,
			);
			runOnlyForDeploymentPostprocessing = 0;
		};
		B88528802265F28D00A91E39 /* Resources */ = {
			isa = PBXResourcesBuildPhase;
			buildActionMask = 2147483647;
			files = (
			);
			runOnlyForDeploymentPostprocessing = 0;
		};
		B885288B2265F28D00A91E39 /* Resources */ = {
			isa = PBXResourcesBuildPhase;
			buildActionMask = 2147483647;
			files = (
			);
			runOnlyForDeploymentPostprocessing = 0;
		};
/* End PBXResourcesBuildPhase section */

/* Begin PBXSourcesBuildPhase section */
		B885286A2265F28C00A91E39 /* Sources */ = {
			isa = PBXSourcesBuildPhase;
			buildActionMask = 2147483647;
			files = (
				B88528742265F28C00A91E39 /* ViewController.swift in Sources */,
				B88528A2226609CA00A91E39 /* Brain.swift in Sources */,
				B88528722265F28C00A91E39 /* AppDelegate.swift in Sources */,
			);
			runOnlyForDeploymentPostprocessing = 0;
		};
		B885287E2265F28D00A91E39 /* Sources */ = {
			isa = PBXSourcesBuildPhase;
			buildActionMask = 2147483647;
			files = (
				B88528A6226618AC00A91E39 /* testSayFizz.swift in Sources */,
				B88528A822661B5300A91E39 /* testSayBuzz.swift in Sources */,
				B88528AC2266240C00A91E39 /* testSayNumber.swift in Sources */,
				B88528A02265F39B00A91E39 /* BrainTests.swift in Sources */,
				B88528AA2266221C00A91E39 /* testFizzBuzz.swift in Sources */,
			);
			runOnlyForDeploymentPostprocessing = 0;
		};
		B88528892265F28D00A91E39 /* Sources */ = {
			isa = PBXSourcesBuildPhase;
			buildActionMask = 2147483647;
			files = (
				B88528922265F28D00A91E39 /* FizzBuzzUITests.swift in Sources */,
			);
			runOnlyForDeploymentPostprocessing = 0;
		};
/* End PBXSourcesBuildPhase section */

/* Begin PBXTargetDependency section */
		B88528842265F28D00A91E39 /* PBXTargetDependency */ = {
			isa = PBXTargetDependency;
			target = B885286D2265F28C00A91E39 /* FizzBuzz */;
			targetProxy = B88528832265F28D00A91E39 /* PBXContainerItemProxy */;
		};
		B885288F2265F28D00A91E39 /* PBXTargetDependency */ = {
			isa = PBXTargetDependency;
			target = B885286D2265F28C00A91E39 /* FizzBuzz */;
			targetProxy = B885288E2265F28D00A91E39 /* PBXContainerItemProxy */;
		};
/* End PBXTargetDependency section */

/* Begin PBXVariantGroup section */
		B88528752265F28C00A91E39 /* Main.storyboard */ = {
			isa = PBXVariantGroup;
			children = (
				B88528762265F28C00A91E39 /* Base */,
			);
			name = Main.storyboard;
			sourceTree = "<group>";
		};
		B885287A2265F28D00A91E39 /* LaunchScreen.storyboard */ = {
			isa = PBXVariantGroup;
			children = (
				B885287B2265F28D00A91E39 /* Base */,
			);
			name = LaunchScreen.storyboard;
			sourceTree = "<group>";
		};
/* End PBXVariantGroup section */

/* Begin XCBuildConfiguration section */
		B88528942265F28D00A91E39 /* Debug */ = {
			isa = XCBuildConfiguration;
			buildSettings = {
				ALWAYS_SEARCH_USER_PATHS = NO;
				CLANG_ANALYZER_NONNULL = YES;
				CLANG_ANALYZER_NUMBER_OBJECT_CONVERSION = YES_AGGRESSIVE;
				CLANG_CXX_LANGUAGE_STANDARD = "gnu++14";
				CLANG_CXX_LIBRARY = "libc++";
				CLANG_ENABLE_MODULES = YES;
				CLANG_ENABLE_OBJC_ARC = YES;
				CLANG_ENABLE_OBJC_WEAK = YES;
				CLANG_WARN_BLOCK_CAPTURE_AUTORELEASING = YES;
				CLANG_WARN_BOOL_CONVERSION = YES;
				CLANG_WARN_COMMA = YES;
				CLANG_WARN_CONSTANT_CONVERSION = YES;
				CLANG_WARN_DEPRECATED_OBJC_IMPLEMENTATIONS = YES;
				CLANG_WARN_DIRECT_OBJC_ISA_USAGE = YES_ERROR;
				CLANG_WARN_DOCUMENTATION_COMMENTS = YES;
				CLANG_WARN_EMPTY_BODY = YES;
				CLANG_WARN_ENUM_CONVERSION = YES;
				CLANG_WARN_INFINITE_RECURSION = YES;
				CLANG_WARN_INT_CONVERSION = YES;
				CLANG_WARN_NON_LITERAL_NULL_CONVERSION = YES;
				CLANG_WARN_OBJC_IMPLICIT_RETAIN_SELF = YES;
				CLANG_WARN_OBJC_LITERAL_CONVERSION = YES;
				CLANG_WARN_OBJC_ROOT_CLASS = YES_ERROR;
				CLANG_WARN_RANGE_LOOP_ANALYSIS = YES;
				CLANG_WARN_STRICT_PROTOTYPES = YES;
				CLANG_WARN_SUSPICIOUS_MOVE = YES;
				CLANG_WARN_UNGUARDED_AVAILABILITY = YES_AGGRESSIVE;
				CLANG_WARN_UNREACHABLE_CODE = YES;
				CLANG_WARN__DUPLICATE_METHOD_MATCH = YES;
				CODE_SIGN_IDENTITY = "iPhone Developer";
				COPY_PHASE_STRIP = NO;
				DEBUG_INFORMATION_FORMAT = dwarf;
				ENABLE_STRICT_OBJC_MSGSEND = YES;
				ENABLE_TESTABILITY = YES;
				GCC_C_LANGUAGE_STANDARD = gnu11;
				GCC_DYNAMIC_NO_PIC = NO;
				GCC_NO_COMMON_BLOCKS = YES;
				GCC_OPTIMIZATION_LEVEL = 0;
				GCC_PREPROCESSOR_DEFINITIONS = (
					"DEBUG=1",
					"$(inherited)",
				);
				GCC_WARN_64_TO_32_BIT_CONVERSION = YES;
				GCC_WARN_ABOUT_RETURN_TYPE = YES_ERROR;
				GCC_WARN_UNDECLARED_SELECTOR = YES;
				GCC_WARN_UNINITIALIZED_AUTOS = YES_AGGRESSIVE;
				GCC_WARN_UNUSED_FUNCTION = YES;
				GCC_WARN_UNUSED_VARIABLE = YES;
				IPHONEOS_DEPLOYMENT_TARGET = 12.2;
				MTL_ENABLE_DEBUG_INFO = INCLUDE_SOURCE;
				MTL_FAST_MATH = YES;
				ONLY_ACTIVE_ARCH = YES;
				SDKROOT = iphoneos;
				SWIFT_ACTIVE_COMPILATION_CONDITIONS = DEBUG;
				SWIFT_OPTIMIZATION_LEVEL = "-Onone";
			};
			name = Debug;
		};
		B88528952265F28D00A91E39 /* Release */ = {
			isa = XCBuildConfiguration;
			buildSettings = {
				ALWAYS_SEARCH_USER_PATHS = NO;
				CLANG_ANALYZER_NONNULL = YES;
				CLANG_ANALYZER_NUMBER_OBJECT_CONVERSION = YES_AGGRESSIVE;
				CLANG_CXX_LANGUAGE_STANDARD = "gnu++14";
				CLANG_CXX_LIBRARY = "libc++";
				CLANG_ENABLE_MODULES = YES;
				CLANG_ENABLE_OBJC_ARC = YES;
				CLANG_ENABLE_OBJC_WEAK = YES;
				CLANG_WARN_BLOCK_CAPTURE_AUTORELEASING = YES;
				CLANG_WARN_BOOL_CONVERSION = YES;
				CLANG_WARN_COMMA = YES;
				CLANG_WARN_CONSTANT_CONVERSION = YES;
				CLANG_WARN_DEPRECATED_OBJC_IMPLEMENTATIONS = YES;
				CLANG_WARN_DIRECT_OBJC_ISA_USAGE = YES_ERROR;
				CLANG_WARN_DOCUMENTATION_COMMENTS = YES;
				CLANG_WARN_EMPTY_BODY = YES;
				CLANG_WARN_ENUM_CONVERSION = YES;
				CLANG_WARN_INFINITE_RECURSION = YES;
				CLANG_WARN_INT_CONVERSION = YES;
				CLANG_WARN_NON_LITERAL_NULL_CONVERSION = YES;
				CLANG_WARN_OBJC_IMPLICIT_RETAIN_SELF = YES;
				CLANG_WARN_OBJC_LITERAL_CONVERSION = YES;
				CLANG_WARN_OBJC_ROOT_CLASS = YES_ERROR;
				CLANG_WARN_RANGE_LOOP_ANALYSIS = YES;
				CLANG_WARN_STRICT_PROTOTYPES = YES;
				CLANG_WARN_SUSPICIOUS_MOVE = YES;
				CLANG_WARN_UNGUARDED_AVAILABILITY = YES_AGGRESSIVE;
				CLANG_WARN_UNREACHABLE_CODE = YES;
				CLANG_WARN__DUPLICATE_METHOD_MATCH = YES;
				CODE_SIGN_IDENTITY = "iPhone Developer";
				COPY_PHASE_STRIP = NO;
				DEBUG_INFORMATION_FORMAT = "dwarf-with-dsym";
				ENABLE_NS_ASSERTIONS = NO;
				ENABLE_STRICT_OBJC_MSGSEND = YES;
				GCC_C_LANGUAGE_STANDARD = gnu11;
				GCC_NO_COMMON_BLOCKS = YES;
				GCC_WARN_64_TO_32_BIT_CONVERSION = YES;
				GCC_WARN_ABOUT_RETURN_TYPE = YES_ERROR;
				GCC_WARN_UNDECLARED_SELECTOR = YES;
				GCC_WARN_UNINITIALIZED_AUTOS = YES_AGGRESSIVE;
				GCC_WARN_UNUSED_FUNCTION = YES;
				GCC_WARN_UNUSED_VARIABLE = YES;
				IPHONEOS_DEPLOYMENT_TARGET = 12.2;
				MTL_ENABLE_DEBUG_INFO = NO;
				MTL_FAST_MATH = YES;
				SDKROOT = iphoneos;
				SWIFT_COMPILATION_MODE = wholemodule;
				SWIFT_OPTIMIZATION_LEVEL = "-O";
				VALIDATE_PRODUCT = YES;
			};
			name = Release;
		};
		B88528972265F28D00A91E39 /* Debug */ = {
			isa = XCBuildConfiguration;
			buildSettings = {
				ASSETCATALOG_COMPILER_APPICON_NAME = AppIcon;
				CODE_SIGN_STYLE = Automatic;
				INFOPLIST_FILE = FizzBuzz/Info.plist;
				LD_RUNPATH_SEARCH_PATHS = (
					"$(inherited)",
					"@executable_path/Frameworks",
				);
				PRODUCT_BUNDLE_IDENTIFIER = com.amina.FizzBuzz;
				PRODUCT_NAME = "$(TARGET_NAME)";
				SWIFT_VERSION = 5.0;
				TARGETED_DEVICE_FAMILY = "1,2";
			};
			name = Debug;
		};
		B88528982265F28D00A91E39 /* Release */ = {
			isa = XCBuildConfiguration;
			buildSettings = {
				ASSETCATALOG_COMPILER_APPICON_NAME = AppIcon;
				CODE_SIGN_STYLE = Automatic;
				INFOPLIST_FILE = FizzBuzz/Info.plist;
				LD_RUNPATH_SEARCH_PATHS = (
					"$(inherited)",
					"@executable_path/Frameworks",
				);
				PRODUCT_BUNDLE_IDENTIFIER = com.amina.FizzBuzz;
				PRODUCT_NAME = "$(TARGET_NAME)";
				SWIFT_VERSION = 5.0;
				TARGETED_DEVICE_FAMILY = "1,2";
			};
			name = Release;
		};
		B885289A2265F28D00A91E39 /* Debug */ = {
			isa = XCBuildConfiguration;
			buildSettings = {
				ALWAYS_EMBED_SWIFT_STANDARD_LIBRARIES = YES;
				BUNDLE_LOADER = "$(TEST_HOST)";
				CLANG_ENABLE_MODULES = YES;
				CODE_SIGN_STYLE = Automatic;
				INFOPLIST_FILE = FizzBuzzTests/Info.plist;
				LD_RUNPATH_SEARCH_PATHS = (
					"$(inherited)",
					"@executable_path/Frameworks",
					"@loader_path/Frameworks",
				);
				PRODUCT_BUNDLE_IDENTIFIER = com.amina.FizzBuzzTests;
				PRODUCT_NAME = "$(TARGET_NAME)";
				SWIFT_OPTIMIZATION_LEVEL = "-Onone";
				SWIFT_VERSION = 5.0;
				TARGETED_DEVICE_FAMILY = "1,2";
				TEST_HOST = "$(BUILT_PRODUCTS_DIR)/FizzBuzz.app/FizzBuzz";
			};
			name = Debug;
		};
		B885289B2265F28D00A91E39 /* Release */ = {
			isa = XCBuildConfiguration;
			buildSettings = {
				ALWAYS_EMBED_SWIFT_STANDARD_LIBRARIES = YES;
				BUNDLE_LOADER = "$(TEST_HOST)";
				CLANG_ENABLE_MODULES = YES;
				CODE_SIGN_STYLE = Automatic;
				INFOPLIST_FILE = FizzBuzzTests/Info.plist;
				LD_RUNPATH_SEARCH_PATHS = (
					"$(inherited)",
					"@executable_path/Frameworks",
					"@loader_path/Frameworks",
				);
				PRODUCT_BUNDLE_IDENTIFIER = com.amina.FizzBuzzTests;
				PRODUCT_NAME = "$(TARGET_NAME)";
				SWIFT_VERSION = 5.0;
				TARGETED_DEVICE_FAMILY = "1,2";
				TEST_HOST = "$(BUILT_PRODUCTS_DIR)/FizzBuzz.app/FizzBuzz";
			};
			name = Release;
		};
		B885289D2265F28D00A91E39 /* Debug */ = {
			isa = XCBuildConfiguration;
			buildSettings = {
				ALWAYS_EMBED_SWIFT_STANDARD_LIBRARIES = YES;
				CODE_SIGN_STYLE = Automatic;
				INFOPLIST_FILE = FizzBuzzUITests/Info.plist;
				LD_RUNPATH_SEARCH_PATHS = (
					"$(inherited)",
					"@executable_path/Frameworks",
					"@loader_path/Frameworks",
				);
				PRODUCT_BUNDLE_IDENTIFIER = com.amina.FizzBuzzUITests;
				PRODUCT_NAME = "$(TARGET_NAME)";
				SWIFT_VERSION = 5.0;
				TARGETED_DEVICE_FAMILY = "1,2";
				TEST_TARGET_NAME = FizzBuzz;
			};
			name = Debug;
		};
		B885289E2265F28D00A91E39 /* Release */ = {
			isa = XCBuildConfiguration;
			buildSettings = {
				ALWAYS_EMBED_SWIFT_STANDARD_LIBRARIES = YES;
				CODE_SIGN_STYLE = Automatic;
				INFOPLIST_FILE = FizzBuzzUITests/Info.plist;
				LD_RUNPATH_SEARCH_PATHS = (
					"$(inherited)",
					"@executable_path/Frameworks",
					"@loader_path/Frameworks",
				);
				PRODUCT_BUNDLE_IDENTIFIER = com.amina.FizzBuzzUITests;
				PRODUCT_NAME = "$(TARGET_NAME)";
				SWIFT_VERSION = 5.0;
				TARGETED_DEVICE_FAMILY = "1,2";
				TEST_TARGET_NAME = FizzBuzz;
			};
			name = Release;
		};
/* End XCBuildConfiguration section */

/* Begin XCConfigurationList section */
		B88528692265F28C00A91E39 /* Build configuration list for PBXProject "FizzBuzz" */ = {
			isa = XCConfigurationList;
			buildConfigurations = (
				B88528942265F28D00A91E39 /* Debug */,
				B88528952265F28D00A91E39 /* Release */,
			);
			defaultConfigurationIsVisible = 0;
			defaultConfigurationName = Release;
		};
		B88528962265F28D00A91E39 /* Build configuration list for PBXNativeTarget "FizzBuzz" */ = {
			isa = XCConfigurationList;
			buildConfigurations = (
				B88528972265F28D00A91E39 /* Debug */,
				B88528982265F28D00A91E39 /* Release */,
			);
			defaultConfigurationIsVisible = 0;
			defaultConfigurationName = Release;
		};
		B88528992265F28D00A91E39 /* Build configuration list for PBXNativeTarget "FizzBuzzTests" */ = {
			isa = XCConfigurationList;
			buildConfigurations = (
				B885289A2265F28D00A91E39 /* Debug */,
				B885289B2265F28D00A91E39 /* Release */,
			);
			defaultConfigurationIsVisible = 0;
			defaultConfigurationName = Release;
		};
		B885289C2265F28D00A91E39 /* Build configuration list for PBXNativeTarget "FizzBuzzUITests" */ = {
			isa = XCConfigurationList;
			buildConfigurations = (
				B885289D2265F28D00A91E39 /* Debug */,
				B885289E2265F28D00A91E39 /* Release */,
			);
			defaultConfigurationIsVisible = 0;
			defaultConfigurationName = Release;
		};
/* End XCConfigurationList section */
	};
	rootObject = B88528662265F28C00A91E39 /* Project object */;
}
